{
    "_meta": {
        "hash": {
            "sha256": "b57e57f6c859b73710ddc794e8d6794eef0d2ce8e20cb364dc7bccb862b27760"
        },
        "pipfile-spec": 6,
        "requires": {
            "python_version": "3.10"
        },
        "sources": [
            {
                "name": "pypi",
                "url": "https://pypi.org/simple",
                "verify_ssl": true
            }
        ]
    },
    "default": {
        "mariadb": {
            "hashes": [
                "sha256:02a9b3d0a076e9a0d0ea1c48b45ed09b6475e2b6a4e8c81ed9f1e82caf3bfc29",
                "sha256:230fcd896d2d4fc0f67838d40264e18da434463b5865bbe236d0bbbf765aa8f3",
                "sha256:3f251e324a699b72a79762353579da3130a2daf263d7734af1b57450517a7f5a",
                "sha256:63be7d5f2a8f84dd10f6be171ce4a2bf1591e22da7b081fb1a76d1f26c873302",
                "sha256:6855beef3944096a393a6b35d5a8fdf2d83aabd918b531063ec95ade68824544",
                "sha256:80d794af99c452f228590a5a2296a61688090cbd1f6c5b129069619f13f4ca50",
                "sha256:94bb549b4feb89202cff7218680b4e997f0181600534b39948d8ccb2fa21e136",
                "sha256:bc71899680bb9de9a138e1efae24efaf7fcc45033b77df64e772915d7f912bab",
                "sha256:c2206727a01d261d3bcf7aaf268d7ee085442e11f0e2aee025e4bffb36bf1fc8",
                "sha256:cd91814c836a2b544060a2e892d151f0ea63ac6fb8b4535db563b7cb8275537e",
                "sha256:dd5d46a0af63ed2dc0b417252c6437362b5fe2c8bd694d2195be795440f92cf5"
            ],
            "index": "pypi",
            "version": "==1.0.9"
        }
    },
    "develop": {}
}
