{
    "_meta": {
        "hash": {
            "sha256": "e9dd8e527c0a1e5575ec4a98ca531866c715be88036d6a6bd8073f63638b9ceb"
        },
        "pipfile-spec": 6,
        "requires": {
            "python_version": "3.10"
        },
        "sources": [
            {
                "name": "pypi",
                "url": "https://pypi.org/simple",
                "verify_ssl": true
            }
        ]
    },
    "default": {
        "duckdb": {
            "hashes": [
                "sha256:061a9ea809811d6e3025c5de31bc40e0302cfb08c08feefa574a6491e882e7e8",
                "sha256:08215f17147ed83cbec972175d9882387366de2ed36c21cbe4add04b39a5bcb4",
                "sha256:0aab900f7510e4d2613263865570203ddfa2631858c7eb8cbed091af6ceb597f",
                "sha256:11a1194a582c80dfb57565daa06141727e415ff5d17e022dc5f31888a5423d33",
                "sha256:15a82109a9e69b1891f0999749f9e3265f550032470f51432f944a37cfdc908b",
                "sha256:1dd58a0d84a424924a35b3772419f8cd78a01c626be3147e4934d7a035a8ad68",
                "sha256:1ff49f3da9399900fd58b5acd0bb8bfad22c5147584ad2427a78d937e11ec9d0",
                "sha256:28100c4a6a04e69aa0f4a6670a6d3d67a65f0337246a0c1a429f3f28f3c40b9a",
                "sha256:3843afeab7c3fc4a4c0b53686a4cc1d9cdbdadcbb468d60fef910355ecafd447",
                "sha256:492a69cd60b6cb4f671b51893884cdc5efc4c3b2eb76057a007d2a2295427173",
                "sha256:4ce262d74a52500d10888110dfd6715989926ec936918c232dcbaddb78fc55b4",
                "sha256:4f0935300bdf8b7631ddfc838f36a858c1323696d8c8a2cecbd416bddf6b0631",
                "sha256:4fbc297b602ef17e579bb3190c94d19c5002422b55814421a0fc11299c0c1100",
                "sha256:64e3bc01751f31e7572d2716c3e8da8fe785f1cdc5be329100818d223002213f",
                "sha256:6935240da090a7f7d2666f6d0a5e45ff85715244171ca4e6576060a7f4a1200e",
                "sha256:696d5c6dee86c1a491ea15b74aafe34ad2b62dcd46ad7e03b1d00111ca1a8c68",
                "sha256:6cb64ccfb72c11ec9c41b3cb6181b6fd33deccceda530e94e1c362af5f810ba1",
                "sha256:6e5b80f46487636368e31b61461940e3999986359a78660a50dfdd17dd72017c",
                "sha256:796a995299878913e765b28cc2b14c8e44fae2f54ab41a9ee668c18449f5f833",
                "sha256:7ae5bf0b6ad4278e46e933e51473b86b4b932dbc54ff097610e5b482dd125552",
                "sha256:7d8130ed6a0c9421b135d0743705ea95b9a745852977717504e45722c112bf7a",
                "sha256:81c6df905589a1023a27e9712edb5b724566587ef280a0c66a7ec07c8083623b",
                "sha256:930740cb7b2cd9e79946e1d3a8f66e15dc5849d4eaeff75c8788d0983b9256a5",
                "sha256:9490fb9a35eb74af40db5569d90df8a04a6f09ed9a8c9caa024998c40e2506aa",
                "sha256:974e5de0294f88a1a837378f1f83330395801e9246f4e88ed3bfc8ada65dcbee",
                "sha256:a298cd1d821c81d0dec8a60878c4b38c1adea04a9675fb6306c8f9083bbf314d",
                "sha256:a43f93be768af39f604b7b9b48891f9177c9282a408051209101ff80f7450d8f",
                "sha256:a5cfb93e73911696a98b9479299d19cfbc21dd05bb7ab11a923a903f86b4d06e",
                "sha256:aadcea5160c586704c03a8a796c06a8afffbefefb1986601104a60cb0bfdb5ab",
                "sha256:ac29c8c8f56fff5a681f7bf61711ccb9325c5329e64f23cb7ff31781d7b50773",
                "sha256:b14d98d26bab139114f62ade81350a5342f60a168d94b27ed2c706838f949eda",
                "sha256:be45d08541002a9338e568dca67ab4f20c0277f8f58a73dfc1435c5b4297c996",
                "sha256:c28f13c45006fd525001b2011cdf91fa216530e9751779651e66edc0e446be50",
                "sha256:dd5ac5baf8597efd2bfa75f984654afcabcd698342d59b0e265a0bc6f267b3f0",
                "sha256:dd6f88aeb7fc0bfecaca633629ff5c986ac966fe3b7dcec0b2c48632fd550ba2",
                "sha256:e5d0bb845a80aa48ed1fd1d2d285dd352e96dc97f8efced2a7429437ccd1fe1f",
                "sha256:e6142a220180dbeea4f341708bd5f9501c5c962ce7ef47c1cadf5e8810b4cb13",
                "sha256:ee6c2a8aba6850abef5e1be9dbc04b8e72a5b2c2b67f77892317a21fae868fe7",
                "sha256:fbce7bbcb4ba7d99fcec84cec08db40bc0dd9342c6c11930ce708817741faeeb"
            ],
            "index": "pypi",
            "markers": "python_full_version >= '3.7.0'",
            "version": "==0.9.2"
        },
        "numpy": {
            "hashes": [
                "sha256:03a8c78d01d9781b28a6989f6fa1bb2c4f2d51201cf99d3dd875df6fbd96b23b",
                "sha256:08beddf13648eb95f8d867350f6a018a4be2e5ad54c8d8caed89ebca558b2818",
                "sha256:1af303d6b2210eb850fcf03064d364652b7120803a0b872f5211f5234b399f20",
                "sha256:1dda2e7b4ec9dd512f84935c5f126c8bd8b9f2fc001e9f54af255e8c5f16b0e0",
                "sha256:2a02aba9ed12e4ac4eb3ea9421c420301a0c6460d9830d74a9df87efa4912010",
                "sha256:2e4ee3380d6de9c9ec04745830fd9e2eccb3e6cf790d39d7b98ffd19b0dd754a",
                "sha256:3373d5d70a5fe74a2c1bb6d2cfd9609ecf686d47a2d7b1d37a8f3b6bf6003aea",
                "sha256:47711010ad8555514b434df65f7d7b076bb8261df1ca9bb78f53d3b2db02e95c",
                "sha256:4c66707fabe114439db9068ee468c26bbdf909cac0fb58686a42a24de1760c71",
                "sha256:50193e430acfc1346175fcbdaa28ffec49947a06918b7b92130744e81e640110",
                "sha256:52b8b60467cd7dd1e9ed082188b4e6bb35aa5cdd01777621a1658910745b90be",
                "sha256:60dedbb91afcbfdc9bc0b1f3f402804070deed7392c23eb7a7f07fa857868e8a",
                "sha256:62b8e4b1e28009ef2846b4c7852046736bab361f7aeadeb6a5b89ebec3c7055a",
                "sha256:666dbfb6ec68962c033a450943ded891bed2d54e6755e35e5835d63f4f6931d5",
                "sha256:675d61ffbfa78604709862923189bad94014bef562cc35cf61d3a07bba02a7ed",
                "sha256:679b0076f67ecc0138fd2ede3a8fd196dddc2ad3254069bcb9faf9a79b1cebcd",
                "sha256:7349ab0fa0c429c82442a27a9673fc802ffdb7c7775fad780226cb234965e53c",
                "sha256:7ab55401287bfec946ced39700c053796e7cc0e3acbef09993a9ad2adba6ca6e",
                "sha256:7e50d0a0cc3189f9cb0aeb3a6a6af18c16f59f004b866cd2be1c14b36134a4a0",
                "sha256:95a7476c59002f2f6c590b9b7b998306fba6a5aa646b1e22ddfeaf8f78c3a29c",
                "sha256:96ff0b2ad353d8f990b63294c8986f1ec3cb19d749234014f4e7eb0112ceba5a",
                "sha256:9fad7dcb1aac3c7f0584a5a8133e3a43eeb2fe127f47e3632d43d677c66c102b",
                "sha256:9ff0f4f29c51e2803569d7a51c2304de5554655a60c5d776e35b4a41413830d0",
                "sha256:a354325ee03388678242a4d7ebcd08b5c727033fcff3b2f536aea978e15ee9e6",
                "sha256:a4abb4f9001ad2858e7ac189089c42178fcce737e4169dc61321660f1a96c7d2",
                "sha256:ab47dbe5cc8210f55aa58e4805fe224dac469cde56b9f731a4c098b91917159a",
                "sha256:afedb719a9dcfc7eaf2287b839d8198e06dcd4cb5d276a3df279231138e83d30",
                "sha256:b3ce300f3644fb06443ee2222c2201dd3a89ea6040541412b8fa189341847218",
                "sha256:b97fe8060236edf3662adfc2c633f56a08ae30560c56310562cb4f95500022d5",
                "sha256:bfe25acf8b437eb2a8b2d49d443800a5f18508cd811fea3181723922a8a82b07",
                "sha256:cd25bcecc4974d09257ffcd1f098ee778f7834c3ad767fe5db785be9a4aa9cb2",
                "sha256:d209d8969599b27ad20994c8e41936ee0964e6da07478d6c35016bc386b66ad4",
                "sha256:d5241e0a80d808d70546c697135da2c613f30e28251ff8307eb72ba696945764",
                "sha256:edd8b5fe47dab091176d21bb6de568acdd906d1887a4584a15a9a96a1dca06ef",
                "sha256:f870204a840a60da0b12273ef34f7051e98c3b5961b61b0c2c1be6dfd64fbcd3",
                "sha256:ffa75af20b44f8dba823498024771d5ac50620e6915abac414251bd971b4529f"
            ],
            "index": "pypi",
            "markers": "python_version >= '3.9'",
            "version": "==1.26.4"
        },
        "pandas": {
            "hashes": [
                "sha256:159205c99d7a5ce89ecfc37cb08ed179de7783737cea403b295b5eda8e9c56d1",
                "sha256:20404d2adefe92aed3b38da41d0847a143a09be982a31b85bc7dd565bdba0f4e",
                "sha256:2707514a7bec41a4ab81f2ccce8b382961a29fbe9492eab1305bb075b2b1ff4f",
                "sha256:30b83f7c3eb217fb4d1b494a57a2fda5444f17834f5df2de6b2ffff68dc3c8e2",
                "sha256:38e0b4fc3ddceb56ec8a287313bc22abe17ab0eb184069f08fc6a9352a769b18",
                "sha256:3de918a754bbf2da2381e8a3dcc45eede8cd7775b047b923f9006d5f876802ae",
                "sha256:52826b5f4ed658fa2b729264d63f6732b8b29949c7fd234510d57c61dbeadfcd",
                "sha256:57abcaeda83fb80d447f28ab0cc7b32b13978f6f733875ebd1ed14f8fbc0f4ab",
                "sha256:5a946f210383c7e6d16312d30b238fd508d80d927014f3b33fb5b15c2f895430",
                "sha256:736da9ad4033aeab51d067fc3bd69a0ba36f5a60f66a527b3d72e2030e63280a",
                "sha256:761cb99b42a69005dec2b08854fb1d4888fdf7b05db23a8c5a099e4b886a2106",
                "sha256:7ea3ee3f125032bfcade3a4cf85131ed064b4f8dd23e5ce6fa16473e48ebcaf5",
                "sha256:8108ee1712bb4fa2c16981fba7e68b3f6ea330277f5ca34fa8d557e986a11670",
                "sha256:85793cbdc2d5bc32620dc8ffa715423f0c680dacacf55056ba13454a5be5de88",
                "sha256:8ce2fbc8d9bf303ce54a476116165220a1fedf15985b09656b4b4275300e920b",
                "sha256:9f66419d4a41132eb7e9a73dcec9486cf5019f52d90dd35547af11bc58f8637d",
                "sha256:a146b9dcacc3123aa2b399df1a284de5f46287a4ab4fbfc237eac98a92ebcb71",
                "sha256:a1b438fa26b208005c997e78672f1aa8138f67002e833312e6230f3e57fa87d5",
                "sha256:a20628faaf444da122b2a64b1e5360cde100ee6283ae8effa0d8745153809a2e",
                "sha256:a41d06f308a024981dcaa6c41f2f2be46a6b186b902c94c2674e8cb5c42985bc",
                "sha256:a626795722d893ed6aacb64d2401d017ddc8a2341b49e0384ab9bf7112bdec30",
                "sha256:bde2bc699dbd80d7bc7f9cab1e23a95c4375de615860ca089f34e7c64f4a8de7",
                "sha256:cfd6c2491dc821b10c716ad6776e7ab311f7df5d16038d0b7458bc0b67dc10f3",
                "sha256:e60f1f7dba3c2d5ca159e18c46a34e7ca7247a73b5dd1a22b6d59707ed6b899a",
                "sha256:eb1e1f3861ea9132b32f2133788f3b14911b68102d562715d71bd0013bc45440",
                "sha256:eb61dc8567b798b969bcc1fc964788f5a68214d333cade8319c7ab33e2b5d88a",
                "sha256:f5be5d03ea2073627e7111f61b9f1f0d9625dc3c4d8dda72cc827b0c58a1d042",
                "sha256:f9670b3ac00a387620489dfc1bca66db47a787f4e55911f1293063a78b108df1",
                "sha256:fbc1b53c0e1fdf16388c33c3cca160f798d38aea2978004dd3f4d3dec56454c9"
            ],
            "index": "pypi",
            "markers": "python_version >= '3.9'",
            "version": "==2.2.0"
        },
        "pip": {
            "hashes": [
                "sha256:ba0d021a166865d2265246961bec0152ff124de910c5cc39f1156ce3fa7c69dc",
                "sha256:ea9bd1a847e8c5774a5777bb398c19e80bcd4e2aa16a4b301b718fe6f593aba2"
            ],
            "index": "pypi",
            "markers": "python_version >= '3.7'",
            "version": "==24.0"
        },
        "pyelftools": {
            "git": "https://github.com/eliben/pyelftools.git",
            "ref": "c359508bcf0f64d75730f04468d538c5f4e1cae4"
        },
        "python-dateutil": {
            "hashes": [
                "sha256:0123cacc1627ae19ddf3c27a5de5bd67ee4586fbdd6440d9748f8abb483d3e86",
                "sha256:961d03dc3453ebbc59dbdea9e4e11c5651520a876d0f4db161e8674aae935da9"
            ],
            "markers": "python_version >= '2.7' and python_version not in '3.0, 3.1, 3.2, 3.3'",
            "version": "==2.8.2"
        },
        "pytz": {
            "hashes": [
                "sha256:2a29735ea9c18baf14b448846bde5a48030ed267578472d8955cd0e7443a9812",
                "sha256:328171f4e3623139da4983451950b28e95ac706e13f3f2630a879749e7a8b319"
            ],
            "version": "==2024.1"
        },
        "pyyaml": {
            "hashes": [
                "sha256:04ac92ad1925b2cff1db0cfebffb6ffc43457495c9b3c39d3fcae417d7125dc5",
                "sha256:062582fca9fabdd2c8b54a3ef1c978d786e0f6b3a1510e0ac93ef59e0ddae2bc",
                "sha256:0d3304d8c0adc42be59c5f8a4d9e3d7379e6955ad754aa9d6ab7a398b59dd1df",
                "sha256:1635fd110e8d85d55237ab316b5b011de701ea0f29d07611174a1b42f1444741",
                "sha256:184c5108a2aca3c5b3d3bf9395d50893a7ab82a38004c8f61c258d4428e80206",
                "sha256:18aeb1bf9a78867dc38b259769503436b7c72f7a1f1f4c93ff9a17de54319b27",
                "sha256:1d4c7e777c441b20e32f52bd377e0c409713e8bb1386e1099c2415f26e479595",
                "sha256:1e2722cc9fbb45d9b87631ac70924c11d3a401b2d7f410cc0e3bbf249f2dca62",
                "sha256:1fe35611261b29bd1de0070f0b2f47cb6ff71fa6595c077e42bd0c419fa27b98",
                "sha256:28c119d996beec18c05208a8bd78cbe4007878c6dd15091efb73a30e90539696",
                "sha256:326c013efe8048858a6d312ddd31d56e468118ad4cdeda36c719bf5bb6192290",
                "sha256:40df9b996c2b73138957fe23a16a4f0ba614f4c0efce1e9406a184b6d07fa3a9",
                "sha256:42f8152b8dbc4fe7d96729ec2b99c7097d656dc1213a3229ca5383f973a5ed6d",
                "sha256:49a183be227561de579b4a36efbb21b3eab9651dd81b1858589f796549873dd6",
                "sha256:4fb147e7a67ef577a588a0e2c17b6db51dda102c71de36f8549b6816a96e1867",
                "sha256:50550eb667afee136e9a77d6dc71ae76a44df8b3e51e41b77f6de2932bfe0f47",
                "sha256:510c9deebc5c0225e8c96813043e62b680ba2f9c50a08d3724c7f28a747d1486",
                "sha256:5773183b6446b2c99bb77e77595dd486303b4faab2b086e7b17bc6bef28865f6",
                "sha256:596106435fa6ad000c2991a98fa58eeb8656ef2325d7e158344fb33864ed87e3",
                "sha256:6965a7bc3cf88e5a1c3bd2e0b5c22f8d677dc88a455344035f03399034eb3007",
                "sha256:69b023b2b4daa7548bcfbd4aa3da05b3a74b772db9e23b982788168117739938",
                "sha256:6c22bec3fbe2524cde73d7ada88f6566758a8f7227bfbf93a408a9d86bcc12a0",
                "sha256:704219a11b772aea0d8ecd7058d0082713c3562b4e271b849ad7dc4a5c90c13c",
                "sha256:7e07cbde391ba96ab58e532ff4803f79c4129397514e1413a7dc761ccd755735",
                "sha256:81e0b275a9ecc9c0c0c07b4b90ba548307583c125f54d5b6946cfee6360c733d",
                "sha256:855fb52b0dc35af121542a76b9a84f8d1cd886ea97c84703eaa6d88e37a2ad28",
                "sha256:8d4e9c88387b0f5c7d5f281e55304de64cf7f9c0021a3525bd3b1c542da3b0e4",
                "sha256:9046c58c4395dff28dd494285c82ba00b546adfc7ef001486fbf0324bc174fba",
                "sha256:9eb6caa9a297fc2c2fb8862bc5370d0303ddba53ba97e71f08023b6cd73d16a8",
                "sha256:a08c6f0fe150303c1c6b71ebcd7213c2858041a7e01975da3a99aed1e7a378ef",
                "sha256:a0cd17c15d3bb3fa06978b4e8958dcdc6e0174ccea823003a106c7d4d7899ac5",
                "sha256:afd7e57eddb1a54f0f1a974bc4391af8bcce0b444685d936840f125cf046d5bd",
                "sha256:b1275ad35a5d18c62a7220633c913e1b42d44b46ee12554e5fd39c70a243d6a3",
                "sha256:b786eecbdf8499b9ca1d697215862083bd6d2a99965554781d0d8d1ad31e13a0",
                "sha256:ba336e390cd8e4d1739f42dfe9bb83a3cc2e80f567d8805e11b46f4a943f5515",
                "sha256:baa90d3f661d43131ca170712d903e6295d1f7a0f595074f151c0aed377c9b9c",
                "sha256:bc1bf2925a1ecd43da378f4db9e4f799775d6367bdb94671027b73b393a7c42c",
                "sha256:bd4af7373a854424dabd882decdc5579653d7868b8fb26dc7d0e99f823aa5924",
                "sha256:bf07ee2fef7014951eeb99f56f39c9bb4af143d8aa3c21b1677805985307da34",
                "sha256:bfdf460b1736c775f2ba9f6a92bca30bc2095067b8a9d77876d1fad6cc3b4a43",
                "sha256:c8098ddcc2a85b61647b2590f825f3db38891662cfc2fc776415143f599bb859",
                "sha256:d2b04aac4d386b172d5b9692e2d2da8de7bfb6c387fa4f801fbf6fb2e6ba4673",
                "sha256:d483d2cdf104e7c9fa60c544d92981f12ad66a457afae824d146093b8c294c54",
                "sha256:d858aa552c999bc8a8d57426ed01e40bef403cd8ccdd0fc5f6f04a00414cac2a",
                "sha256:e7d73685e87afe9f3b36c799222440d6cf362062f78be1013661b00c5c6f678b",
                "sha256:f003ed9ad21d6a4713f0a9b5a7a0a79e08dd0f221aff4525a2be4c346ee60aab",
                "sha256:f22ac1c3cac4dbc50079e965eba2c1058622631e526bd9afd45fedd49ba781fa",
                "sha256:faca3bdcf85b2fc05d06ff3fbc1f83e1391b3e724afa3feba7d13eeab355484c",
                "sha256:fca0e3a251908a499833aa292323f32437106001d436eca0e6e7833256674585",
                "sha256:fd1592b3fdf65fff2ad0004b5e363300ef59ced41c2e6b3a99d4089fa8c5435d",
                "sha256:fd66fc5d0da6d9815ba2cebeb4205f95818ff4b79c3ebe268e75d961704af52f"
            ],
            "index": "pypi",
            "markers": "python_version >= '3.6'",
            "version": "==6.0.1"
        },
        "six": {
            "hashes": [
                "sha256:1e61c37477a1626458e36f7b1d82aa5c9b094fa4802892072e49de9c60c4c926",
                "sha256:8abb2f1d86890a2dfb989f9a77cfcfd3e47c2a354b01111771326f8aa26e0254"
            ],
            "markers": "python_version >= '2.7' and python_version not in '3.0, 3.1, 3.2, 3.3'",
            "version": "==1.16.0"
        },
        "sqlparse": {
            "hashes": [
                "sha256:5430a4fe2ac7d0f93e66f1efc6e1338a41884b7ddf2a350cedd20ccc4d9d28f3",
                "sha256:d446183e84b8349fa3061f0fe7f06ca94ba65b426946ffebe6e3e8295332420c"
            ],
            "index": "pypi",
            "markers": "python_version >= '3.5'",
            "version": "==0.4.4"
        },
        "tzdata": {
            "hashes": [
                "sha256:2674120f8d891909751c38abcdfd386ac0a5a1127954fbc332af6b5ceae07efd",
                "sha256:9068bc196136463f5245e51efda838afa15aaeca9903f49050dfa2679db4d252"
            ],
            "markers": "python_version >= '2'",
            "version": "==2024.1"
        },
        "xmltodict": {
            "hashes": [
                "sha256:341595a488e3e01a85a9d8911d8912fd922ede5fecc4dce437eb4b6c8d037e56",
                "sha256:aa89e8fd76320154a40d19a0df04a4695fb9dc5ba977cbb68ab3e4eb225e7852"
            ],
            "index": "pypi",
            "markers": "python_version >= '3.4'",
            "version": "==0.13.0"
        }
    },
    "develop": {
        "black": {
            "hashes": [
                "sha256:057c3dc602eaa6fdc451069bd027a1b2635028b575a6c3acfd63193ced20d9c8",
                "sha256:08654d0797e65f2423f850fc8e16a0ce50925f9337fb4a4a176a7aa4026e63f8",
                "sha256:163baf4ef40e6897a2a9b83890e59141cc8c2a98f2dda5080dc15c00ee1e62cd",
                "sha256:1e08fb9a15c914b81dd734ddd7fb10513016e5ce7e6704bdd5e1251ceee51ac9",
                "sha256:4dd76e9468d5536abd40ffbc7a247f83b2324f0c050556d9c371c2b9a9a95e31",
                "sha256:4f9de21bafcba9683853f6c96c2d515e364aee631b178eaa5145fc1c61a3cc92",
                "sha256:61a0391772490ddfb8a693c067df1ef5227257e72b0e4108482b8d41b5aee13f",
                "sha256:6981eae48b3b33399c8757036c7f5d48a535b962a7c2310d19361edeef64ce29",
                "sha256:7e53a8c630f71db01b28cd9602a1ada68c937cbf2c333e6ed041390d6968faf4",
                "sha256:810d445ae6069ce64030c78ff6127cd9cd178a9ac3361435708b907d8a04c693",
                "sha256:93601c2deb321b4bad8f95df408e3fb3943d85012dddb6121336b8e24a0d1218",
                "sha256:992e451b04667116680cb88f63449267c13e1ad134f30087dec8527242e9862a",
                "sha256:9db528bccb9e8e20c08e716b3b09c6bdd64da0dd129b11e160bf082d4642ac23",
                "sha256:a0057f800de6acc4407fe75bb147b0c2b5cbb7c3ed110d3e5999cd01184d53b0",
                "sha256:ba15742a13de85e9b8f3239c8f807723991fbfae24bad92d34a2b12e81904982",
                "sha256:bce4f25c27c3435e4dace4815bcb2008b87e167e3bf4ee47ccdc5ce906eb4894",
                "sha256:ca610d29415ee1a30a3f30fab7a8f4144e9d34c89a235d81292a1edb2b55f540",
                "sha256:d533d5e3259720fdbc1b37444491b024003e012c5173f7d06825a77508085430",
                "sha256:d84f29eb3ee44859052073b7636533ec995bd0f64e2fb43aeceefc70090e752b",
                "sha256:e37c99f89929af50ffaf912454b3e3b47fd64109659026b678c091a4cd450fb2",
                "sha256:e8a6ae970537e67830776488bca52000eaa37fa63b9988e8c487458d9cd5ace6",
                "sha256:faf2ee02e6612577ba0181f4347bcbcf591eb122f7841ae5ba233d12c39dcb4d"
            ],
            "index": "pypi",
            "markers": "python_version >= '3.8'",
            "version": "==24.2.0"
        },
        "click": {
            "hashes": [
                "sha256:ae74fb96c20a0277a1d615f1e4d73c8414f5a98db8b799a7931d1582f3390c28",
                "sha256:ca9853ad459e787e2192211578cc907e7594e294c7ccc834310722b41b9ca6de"
            ],
            "markers": "python_version >= '3.7'",
            "version": "==8.1.7"
        },
        "flake8": {
            "hashes": [
                "sha256:33f96621059e65eec474169085dc92bf26e7b2d47366b70be2f67ab80dc25132",
                "sha256:a6dfbb75e03252917f2473ea9653f7cd799c3064e54d4c8140044c5c065f53c3"
            ],
            "index": "pypi",
            "markers": "python_full_version >= '3.8.1'",
            "version": "==7.0.0"
        },
        "isort": {
            "hashes": [
                "sha256:48fdfcb9face5d58a4f6dde2e72a1fb8dcaf8ab26f95ab49fab84c2ddefb0109",
                "sha256:8ca5e72a8d85860d5a3fa69b8745237f2939afe12dbf656afbcb47fe72d947a6"
            ],
            "index": "pypi",
            "markers": "python_full_version >= '3.8.0'",
            "version": "==5.13.2"
        },
        "libcst": {
            "hashes": [
                "sha256:003e5e83a12eed23542c4ea20fdc8de830887cc03662432bb36f84f8c4841b81",
                "sha256:0acbacb9a170455701845b7e940e2d7b9519db35a86768d86330a0b0deae1086",
                "sha256:0bf69cbbab5016d938aac4d3ae70ba9ccb3f90363c588b3b97be434e6ba95403",
                "sha256:2d37326bd6f379c64190a28947a586b949de3a76be00176b0732c8ee87d67ebe",
                "sha256:3a07ecfabbbb8b93209f952a365549e65e658831e9231649f4f4e4263cad24b1",
                "sha256:3ebbb9732ae3cc4ae7a0e97890bed0a57c11d6df28790c2b9c869f7da653c7c7",
                "sha256:4bc745d0c06420fe2644c28d6ddccea9474fb68a2135904043676deb4fa1e6bc",
                "sha256:5297a16e575be8173185e936b7765c89a3ca69d4ae217a4af161814a0f9745a7",
                "sha256:5f1cd308a4c2f71d5e4eec6ee693819933a03b78edb2e4cc5e3ad1afd5fb3f07",
                "sha256:63f75656fd733dc20354c46253fde3cf155613e37643c3eaf6f8818e95b7a3d1",
                "sha256:73c086705ed34dbad16c62c9adca4249a556c1b022993d511da70ea85feaf669",
                "sha256:75816647736f7e09c6120bdbf408456f99b248d6272277eed9a58cf50fb8bc7d",
                "sha256:78b7a38ec4c1c009ac39027d51558b52851fb9234669ba5ba62283185963a31c",
                "sha256:7ccaf53925f81118aeaadb068a911fac8abaff608817d7343da280616a5ca9c1",
                "sha256:82d1271403509b0a4ee6ff7917c2d33b5a015f44d1e208abb1da06ba93b2a378",
                "sha256:8ae11eb1ea55a16dc0cdc61b41b29ac347da70fec14cc4381248e141ee2fbe6c",
                "sha256:8afb6101b8b3c86c5f9cec6b90ab4da16c3c236fe7396f88e8b93542bb341f7c",
                "sha256:8c1f2da45f1c45634090fd8672c15e0159fdc46853336686959b2d093b6e10fa",
                "sha256:97fbc73c87e9040e148881041fd5ffa2a6ebf11f64b4ccb5b52e574b95df1a15",
                "sha256:99fdc1929703fd9e7408aed2e03f58701c5280b05c8911753a8d8619f7dfdda5",
                "sha256:9dffa1795c2804d183efb01c0f1efd20a7831db6a21a0311edf90b4100d67436",
                "sha256:bca1841693941fdd18371824bb19a9702d5784cd347cb8231317dbdc7062c5bc",
                "sha256:c653d9121d6572d8b7f8abf20f88b0a41aab77ff5a6a36e5a0ec0f19af0072e8",
                "sha256:c8f26250f87ca849a7303ed7a4fd6b2c7ac4dec16b7d7e68ca6a476d7c9bfcdb",
                "sha256:cc9b6ac36d7ec9db2f053014ea488086ca2ed9c322be104fbe2c71ca759da4bb",
                "sha256:d22d1abfe49aa60fc61fa867e10875a9b3024ba5a801112f4d7ba42d8d53242e",
                "sha256:d68c34e3038d3d1d6324eb47744cbf13f2c65e1214cf49db6ff2a6603c1cd838",
                "sha256:e3d8cf974cfa2487b28f23f56c4bff90d550ef16505e58b0dca0493d5293784b",
                "sha256:f36f592e035ef84f312a12b75989dde6a5f6767fe99146cdae6a9ee9aff40dd0",
                "sha256:f561c9a84eca18be92f4ad90aa9bd873111efbea995449301719a1a7805dbc5c",
                "sha256:fe41b33aa73635b1651f64633f429f7aa21f86d2db5748659a99d9b7b1ed2a90"
            ],
            "markers": "python_version >= '3.8'",
            "version": "==1.1.0"
        },
        "mccabe": {
            "hashes": [
                "sha256:348e0240c33b60bbdf4e523192ef919f28cb2c3d7d5c7794f74009290f236325",
                "sha256:6c2d30ab6be0e4a46919781807b4f0d834ebdd6c6e3dca0bda5a15f863427b6e"
            ],
            "markers": "python_version >= '3.6'",
            "version": "==0.7.0"
        },
        "mypy": {
            "hashes": [
                "sha256:028cf9f2cae89e202d7b6593cd98db6759379f17a319b5faf4f9978d7084cdc6",
                "sha256:2afecd6354bbfb6e0160f4e4ad9ba6e4e003b767dd80d85516e71f2e955ab50d",
                "sha256:2b5b6c721bd4aabaadead3a5e6fa85c11c6c795e0c81a7215776ef8afc66de02",
                "sha256:42419861b43e6962a649068a61f4a4839205a3ef525b858377a960b9e2de6e0d",
                "sha256:42c6680d256ab35637ef88891c6bd02514ccb7e1122133ac96055ff458f93fc3",
                "sha256:485a8942f671120f76afffff70f259e1cd0f0cfe08f81c05d8816d958d4577d3",
                "sha256:4c886c6cce2d070bd7df4ec4a05a13ee20c0aa60cb587e8d1265b6c03cf91da3",
                "sha256:4e6d97288757e1ddba10dd9549ac27982e3e74a49d8d0179fc14d4365c7add66",
                "sha256:4ef4be7baf08a203170f29e89d79064463b7fc7a0908b9d0d5114e8009c3a259",
                "sha256:51720c776d148bad2372ca21ca29256ed483aa9a4cdefefcef49006dff2a6835",
                "sha256:52825b01f5c4c1c4eb0db253ec09c7aa17e1a7304d247c48b6f3599ef40db8bd",
                "sha256:538fd81bb5e430cc1381a443971c0475582ff9f434c16cd46d2c66763ce85d9d",
                "sha256:5c1538c38584029352878a0466f03a8ee7547d7bd9f641f57a0f3017a7c905b8",
                "sha256:6ff8b244d7085a0b425b56d327b480c3b29cafbd2eff27316a004f9a7391ae07",
                "sha256:7178def594014aa6c35a8ff411cf37d682f428b3b5617ca79029d8ae72f5402b",
                "sha256:720a5ca70e136b675af3af63db533c1c8c9181314d207568bbe79051f122669e",
                "sha256:7f1478736fcebb90f97e40aff11a5f253af890c845ee0c850fe80aa060a267c6",
                "sha256:855fe27b80375e5c5878492f0729540db47b186509c98dae341254c8f45f42ae",
                "sha256:8963b83d53ee733a6e4196954502b33567ad07dfd74851f32be18eb932fb1cb9",
                "sha256:9261ed810972061388918c83c3f5cd46079d875026ba97380f3e3978a72f503d",
                "sha256:99b00bc72855812a60d253420d8a2eae839b0afa4938f09f4d2aa9bb4654263a",
                "sha256:ab3c84fa13c04aeeeabb2a7f67a25ef5d77ac9d6486ff33ded762ef353aa5592",
                "sha256:afe3fe972c645b4632c563d3f3eff1cdca2fa058f730df2b93a35e3b0c538218",
                "sha256:d19c413b3c07cbecf1f991e2221746b0d2a9410b59cb3f4fb9557f0365a1a817",
                "sha256:df9824ac11deaf007443e7ed2a4a26bebff98d2bc43c6da21b2b64185da011c4",
                "sha256:e46f44b54ebddbeedbd3d5b289a893219065ef805d95094d16a0af6630f5d410",
                "sha256:f5ac9a4eeb1ec0f1ccdc6f326bcdb464de5f80eb07fb38b5ddd7b0de6bc61e55"
            ],
            "index": "pypi",
            "markers": "python_version >= '3.8'",
            "version": "==1.8.0"
        },
        "mypy-extensions": {
            "hashes": [
                "sha256:4392f6c0eb8a5668a69e23d168ffa70f0be9ccfd32b5cc2d26a34ae5b844552d",
                "sha256:75dbf8955dc00442a438fc4d0666508a9a97b6bd41aa2f0ffe9d2f2725af0782"
            ],
            "markers": "python_version >= '3.5'",
            "version": "==1.0.0"
        },
        "packaging": {
            "hashes": [
                "sha256:048fb0e9405036518eaaf48a55953c750c11e1a1b68e0dd1a9d62ed0c092cfc5",
                "sha256:8c491190033a9af7e1d931d0b5dacc2ef47509b34dd0de67ed209b5203fc88c7"
            ],
            "markers": "python_version >= '3.7'",
            "version": "==23.2"
        },
        "pathspec": {
            "hashes": [
                "sha256:a0d503e138a4c123b27490a4f7beda6a01c6f288df0e4a8b79c7eb0dc7b4cc08",
                "sha256:a482d51503a1ab33b1c67a6c3813a26953dbdc71c31dacaef9a838c4e29f5712"
            ],
            "markers": "python_version >= '3.8'",
            "version": "==0.12.1"
        },
        "platformdirs": {
            "hashes": [
                "sha256:0614df2a2f37e1a662acbd8e2b25b92ccf8632929bc6d43467e17fe89c75e068",
                "sha256:ef0cc731df711022c174543cb70a9b5bd22e5a9337c8624ef2c2ceb8ddad8768"
            ],
            "markers": "python_version >= '3.8'",
            "version": "==4.2.0"
        },
        "pycln": {
            "hashes": [
                "sha256:1f3eefb7be18a9ee06c3bdd0ba2e91218cd39317e20130325f107e96eb84b9f6",
                "sha256:d1bf648df17077306100815d255d45430035b36f66bac635df04a323c61ba126"
            ],
            "index": "pypi",
            "markers": "python_version < '4' and python_full_version >= '3.7.0'",
            "version": "==2.4.0"
        },
        "pycodestyle": {
            "hashes": [
                "sha256:41ba0e7afc9752dfb53ced5489e89f8186be00e599e712660695b7a75ff2663f",
                "sha256:44fe31000b2d866f2e41841b18528a505fbd7fef9017b04eff4e2648a0fadc67"
            ],
            "markers": "python_version >= '3.8'",
            "version": "==2.11.1"
        },
        "pyflakes": {
            "hashes": [
                "sha256:1c61603ff154621fb2a9172037d84dca3500def8c8b630657d1701f026f8af3f",
                "sha256:84b5be138a2dfbb40689ca07e2152deb896a65c3a3e24c251c5c62489568074a"
            ],
            "markers": "python_version >= '3.8'",
            "version": "==3.2.0"
        },
        "pyyaml": {
            "hashes": [
                "sha256:04ac92ad1925b2cff1db0cfebffb6ffc43457495c9b3c39d3fcae417d7125dc5",
                "sha256:062582fca9fabdd2c8b54a3ef1c978d786e0f6b3a1510e0ac93ef59e0ddae2bc",
                "sha256:0d3304d8c0adc42be59c5f8a4d9e3d7379e6955ad754aa9d6ab7a398b59dd1df",
                "sha256:1635fd110e8d85d55237ab316b5b011de701ea0f29d07611174a1b42f1444741",
                "sha256:184c5108a2aca3c5b3d3bf9395d50893a7ab82a38004c8f61c258d4428e80206",
                "sha256:18aeb1bf9a78867dc38b259769503436b7c72f7a1f1f4c93ff9a17de54319b27",
                "sha256:1d4c7e777c441b20e32f52bd377e0c409713e8bb1386e1099c2415f26e479595",
                "sha256:1e2722cc9fbb45d9b87631ac70924c11d3a401b2d7f410cc0e3bbf249f2dca62",
                "sha256:1fe35611261b29bd1de0070f0b2f47cb6ff71fa6595c077e42bd0c419fa27b98",
                "sha256:28c119d996beec18c05208a8bd78cbe4007878c6dd15091efb73a30e90539696",
                "sha256:326c013efe8048858a6d312ddd31d56e468118ad4cdeda36c719bf5bb6192290",
                "sha256:40df9b996c2b73138957fe23a16a4f0ba614f4c0efce1e9406a184b6d07fa3a9",
                "sha256:42f8152b8dbc4fe7d96729ec2b99c7097d656dc1213a3229ca5383f973a5ed6d",
                "sha256:49a183be227561de579b4a36efbb21b3eab9651dd81b1858589f796549873dd6",
                "sha256:4fb147e7a67ef577a588a0e2c17b6db51dda102c71de36f8549b6816a96e1867",
                "sha256:50550eb667afee136e9a77d6dc71ae76a44df8b3e51e41b77f6de2932bfe0f47",
                "sha256:510c9deebc5c0225e8c96813043e62b680ba2f9c50a08d3724c7f28a747d1486",
                "sha256:5773183b6446b2c99bb77e77595dd486303b4faab2b086e7b17bc6bef28865f6",
                "sha256:596106435fa6ad000c2991a98fa58eeb8656ef2325d7e158344fb33864ed87e3",
                "sha256:6965a7bc3cf88e5a1c3bd2e0b5c22f8d677dc88a455344035f03399034eb3007",
                "sha256:69b023b2b4daa7548bcfbd4aa3da05b3a74b772db9e23b982788168117739938",
                "sha256:6c22bec3fbe2524cde73d7ada88f6566758a8f7227bfbf93a408a9d86bcc12a0",
                "sha256:704219a11b772aea0d8ecd7058d0082713c3562b4e271b849ad7dc4a5c90c13c",
                "sha256:7e07cbde391ba96ab58e532ff4803f79c4129397514e1413a7dc761ccd755735",
                "sha256:81e0b275a9ecc9c0c0c07b4b90ba548307583c125f54d5b6946cfee6360c733d",
                "sha256:855fb52b0dc35af121542a76b9a84f8d1cd886ea97c84703eaa6d88e37a2ad28",
                "sha256:8d4e9c88387b0f5c7d5f281e55304de64cf7f9c0021a3525bd3b1c542da3b0e4",
                "sha256:9046c58c4395dff28dd494285c82ba00b546adfc7ef001486fbf0324bc174fba",
                "sha256:9eb6caa9a297fc2c2fb8862bc5370d0303ddba53ba97e71f08023b6cd73d16a8",
                "sha256:a08c6f0fe150303c1c6b71ebcd7213c2858041a7e01975da3a99aed1e7a378ef",
                "sha256:a0cd17c15d3bb3fa06978b4e8958dcdc6e0174ccea823003a106c7d4d7899ac5",
                "sha256:afd7e57eddb1a54f0f1a974bc4391af8bcce0b444685d936840f125cf046d5bd",
                "sha256:b1275ad35a5d18c62a7220633c913e1b42d44b46ee12554e5fd39c70a243d6a3",
                "sha256:b786eecbdf8499b9ca1d697215862083bd6d2a99965554781d0d8d1ad31e13a0",
                "sha256:ba336e390cd8e4d1739f42dfe9bb83a3cc2e80f567d8805e11b46f4a943f5515",
                "sha256:baa90d3f661d43131ca170712d903e6295d1f7a0f595074f151c0aed377c9b9c",
                "sha256:bc1bf2925a1ecd43da378f4db9e4f799775d6367bdb94671027b73b393a7c42c",
                "sha256:bd4af7373a854424dabd882decdc5579653d7868b8fb26dc7d0e99f823aa5924",
                "sha256:bf07ee2fef7014951eeb99f56f39c9bb4af143d8aa3c21b1677805985307da34",
                "sha256:bfdf460b1736c775f2ba9f6a92bca30bc2095067b8a9d77876d1fad6cc3b4a43",
                "sha256:c8098ddcc2a85b61647b2590f825f3db38891662cfc2fc776415143f599bb859",
                "sha256:d2b04aac4d386b172d5b9692e2d2da8de7bfb6c387fa4f801fbf6fb2e6ba4673",
                "sha256:d483d2cdf104e7c9fa60c544d92981f12ad66a457afae824d146093b8c294c54",
                "sha256:d858aa552c999bc8a8d57426ed01e40bef403cd8ccdd0fc5f6f04a00414cac2a",
                "sha256:e7d73685e87afe9f3b36c799222440d6cf362062f78be1013661b00c5c6f678b",
                "sha256:f003ed9ad21d6a4713f0a9b5a7a0a79e08dd0f221aff4525a2be4c346ee60aab",
                "sha256:f22ac1c3cac4dbc50079e965eba2c1058622631e526bd9afd45fedd49ba781fa",
                "sha256:faca3bdcf85b2fc05d06ff3fbc1f83e1391b3e724afa3feba7d13eeab355484c",
                "sha256:fca0e3a251908a499833aa292323f32437106001d436eca0e6e7833256674585",
                "sha256:fd1592b3fdf65fff2ad0004b5e363300ef59ced41c2e6b3a99d4089fa8c5435d",
                "sha256:fd66fc5d0da6d9815ba2cebeb4205f95818ff4b79c3ebe268e75d961704af52f"
            ],
            "index": "pypi",
            "markers": "python_version >= '3.6'",
            "version": "==6.0.1"
        },
        "tomli": {
            "hashes": [
                "sha256:939de3e7a6161af0c887ef91b7d41a53e7c5a1ca976325f429cb46ea9bc30ecc",
                "sha256:de526c12914f0c550d15924c62d72abc48d6fe7364aa87328337a31007fe8a4f"
            ],
            "markers": "python_version < '3.11'",
            "version": "==2.0.1"
        },
        "tomlkit": {
            "hashes": [
                "sha256:75baf5012d06501f07bee5bf8e801b9f343e7aac5a92581f20f80ce632e6b5a4",
                "sha256:b0a645a9156dc7cb5d3a1f0d4bab66db287fcb8e0430bdd4664a095ea16414ba"
            ],
            "markers": "python_version >= '3.7'",
            "version": "==0.12.3"
        },
        "typer": {
            "hashes": [
                "sha256:50922fd79aea2f4751a8e0408ff10d2662bd0c8bbfa84755a699f3bada2978b2",
                "sha256:5d96d986a21493606a358cae4461bd8cdf83cbf33a5aa950ae629ca3b51467ee"
            ],
            "markers": "python_version >= '3.6'",
            "version": "==0.9.0"
        },
        "typing-extensions": {
            "hashes": [
                "sha256:23478f88c37f27d76ac8aee6c905017a143b0b1b886c3c9f66bc2fd94f9f5783",
                "sha256:af72aea155e91adfc61c3ae9e0e342dbc0cba726d6cba4b6c72c1f34e47291cd"
            ],
            "markers": "python_version < '3.11'",
            "version": "==4.9.0"
        },
        "typing-inspect": {
            "hashes": [
                "sha256:9ee6fc59062311ef8547596ab6b955e1b8aa46242d854bfc78f4f6b0eff35f9f",
                "sha256:b23fc42ff6f6ef6954e4852c1fb512cdd18dbea03134f91f856a95ccc9461f78"
            ],
            "version": "==0.9.0"
        }
    }
}
